// !$*UTF8*$!
{
	archiveVersion = 1;
	classes = {
	};
	objectVersion = 46;
	objects = {

/* Begin PBXBuildFile section */
		3637B5AED29C731386D178D5 /* libPods-Dolores.a in Frameworks */ = {isa = PBXBuildFile; fileRef = B9F62CEB6D705374457FE907 /* libPods-Dolores.a */; };
		7ED2566E1EA4E923007CB655 /* main.m in Sources */ = {isa = PBXBuildFile; fileRef = 7ED2566D1EA4E923007CB655 /* main.m */; };
		7ED256711EA4E923007CB655 /* AppDelegate.m in Sources */ = {isa = PBXBuildFile; fileRef = 7ED256701EA4E923007CB655 /* AppDelegate.m */; };
		7ED256741EA4E923007CB655 /* ViewController.m in Sources */ = {isa = PBXBuildFile; fileRef = 7ED256731EA4E923007CB655 /* ViewController.m */; };
		7ED256771EA4E923007CB655 /* Main.storyboard in Resources */ = {isa = PBXBuildFile; fileRef = 7ED256751EA4E923007CB655 /* Main.storyboard */; };
		7ED256791EA4E923007CB655 /* Assets.xcassets in Resources */ = {isa = PBXBuildFile; fileRef = 7ED256781EA4E923007CB655 /* Assets.xcassets */; };
		7ED2567C1EA4E923007CB655 /* LaunchScreen.storyboard in Resources */ = {isa = PBXBuildFile; fileRef = 7ED2567A1EA4E923007CB655 /* LaunchScreen.storyboard */; };
/* End PBXBuildFile section */

/* Begin PBXFileReference section */
		4B4F45CD6554AB06F89198FA /* Pods-Dolores.release.xcconfig */ = {isa = PBXFileReference; includeInIndex = 1; lastKnownFileType = text.xcconfig; name = "Pods-Dolores.release.xcconfig"; path = "Pods/Target Support Files/Pods-Dolores/Pods-Dolores.release.xcconfig"; sourceTree = "<group>"; };
		68364FDFDA73B1383120CF88 /* Pods-Dolores.debug.xcconfig */ = {isa = PBXFileReference; includeInIndex = 1; lastKnownFileType = text.xcconfig; name = "Pods-Dolores.debug.xcconfig"; path = "Pods/Target Support Files/Pods-Dolores/Pods-Dolores.debug.xcconfig"; sourceTree = "<group>"; };
		7ED256691EA4E923007CB655 /* Dolores.app */ = {isa = PBXFileReference; explicitFileType = wrapper.application; includeInIndex = 0; path = Dolores.app; sourceTree = BUILT_PRODUCTS_DIR; };
		7ED2566D1EA4E923007CB655 /* main.m */ = {isa = PBXFileReference; lastKnownFileType = sourcecode.c.objc; path = main.m; sourceTree = "<group>"; };
		7ED2566F1EA4E923007CB655 /* AppDelegate.h */ = {isa = PBXFileReference; lastKnownFileType = sourcecode.c.h; path = AppDelegate.h; sourceTree = "<group>"; };
		7ED256701EA4E923007CB655 /* AppDelegate.m */ = {isa = PBXFileReference; lastKnownFileType = sourcecode.c.objc; path = AppDelegate.m; sourceTree = "<group>"; };
		7ED256721EA4E923007CB655 /* ViewController.h */ = {isa = PBXFileReference; lastKnownFileType = sourcecode.c.h; path = ViewController.h; sourceTree = "<group>"; };
		7ED256731EA4E923007CB655 /* ViewController.m */ = {isa = PBXFileReference; lastKnownFileType = sourcecode.c.objc; path = ViewController.m; sourceTree = "<group>"; };
		7ED256761EA4E923007CB655 /* Base */ = {isa = PBXFileReference; lastKnownFileType = file.storyboard; name = Base; path = Base.lproj/Main.storyboard; sourceTree = "<group>"; };
		7ED256781EA4E923007CB655 /* Assets.xcassets */ = {isa = PBXFileReference; lastKnownFileType = folder.assetcatalog; path = Assets.xcassets; sourceTree = "<group>"; };
		7ED2567B1EA4E923007CB655 /* Base */ = {isa = PBXFileReference; lastKnownFileType = file.storyboard; name = Base; path = Base.lproj/LaunchScreen.storyboard; sourceTree = "<group>"; };
		7ED2567D1EA4E923007CB655 /* Info.plist */ = {isa = PBXFileReference; lastKnownFileType = text.plist.xml; path = Info.plist; sourceTree = "<group>"; };
		B9F62CEB6D705374457FE907 /* libPods-Dolores.a */ = {isa = PBXFileReference; explicitFileType = archive.ar; includeInIndex = 0; path = "libPods-Dolores.a"; sourceTree = BUILT_PRODUCTS_DIR; };
/* End PBXFileReference section */

/* Begin PBXFrameworksBuildPhase section */
		7ED256661EA4E923007CB655 /* Frameworks */ = {
			isa = PBXFrameworksBuildPhase;
			buildActionMask = 2147483647;
			files = (
				3637B5AED29C731386D178D5 /* libPods-Dolores.a in Frameworks */,
			);
			runOnlyForDeploymentPostprocessing = 0;
		};
/* End PBXFrameworksBuildPhase section */

/* Begin PBXGroup section */
		2D143B9B221300464E827F18 /* Frameworks */ = {
			isa = PBXGroup;
			children = (
				B9F62CEB6D705374457FE907 /* libPods-Dolores.a */,
			);
			name = Frameworks;
			sourceTree = "<group>";
		};
		7ED256601EA4E923007CB655 = {
			isa = PBXGroup;
			children = (
				7ED2566B1EA4E923007CB655 /* Dolores */,
				7ED2566A1EA4E923007CB655 /* Products */,
				D3B09C54D58E167D0721F11C /* Pods */,
				2D143B9B221300464E827F18 /* Frameworks */,
			);
			sourceTree = "<group>";
		};
		7ED2566A1EA4E923007CB655 /* Products */ = {
			isa = PBXGroup;
			children = (
				7ED256691EA4E923007CB655 /* Dolores.app */,
			);
			name = Products;
			sourceTree = "<group>";
		};
		7ED2566B1EA4E923007CB655 /* Dolores */ = {
			isa = PBXGroup;
			children = (
				7ED2566F1EA4E923007CB655 /* AppDelegate.h */,
				7ED256701EA4E923007CB655 /* AppDelegate.m */,
				7ED256721EA4E923007CB655 /* ViewController.h */,
				7ED256731EA4E923007CB655 /* ViewController.m */,
				7ED256751EA4E923007CB655 /* Main.storyboard */,
				7ED256781EA4E923007CB655 /* Assets.xcassets */,
				7ED2567A1EA4E923007CB655 /* LaunchScreen.storyboard */,
				7ED2567D1EA4E923007CB655 /* Info.plist */,
				7ED2566C1EA4E923007CB655 /* Supporting Files */,
			);
			path = Dolores;
			sourceTree = "<group>";
		};
		7ED2566C1EA4E923007CB655 /* Supporting Files */ = {
			isa = PBXGroup;
			children = (
				7ED2566D1EA4E923007CB655 /* main.m */,
			);
			name = "Supporting Files";
			sourceTree = "<group>";
		};
		D3B09C54D58E167D0721F11C /* Pods */ = {
			isa = PBXGroup;
			children = (
				68364FDFDA73B1383120CF88 /* Pods-Dolores.debug.xcconfig */,
				4B4F45CD6554AB06F89198FA /* Pods-Dolores.release.xcconfig */,
			);
			name = Pods;
			sourceTree = "<group>";
		};
/* End PBXGroup section */

/* Begin PBXNativeTarget section */
		7ED256681EA4E923007CB655 /* Dolores */ = {
			isa = PBXNativeTarget;
			buildConfigurationList = 7ED256801EA4E923007CB655 /* Build configuration list for PBXNativeTarget "Dolores" */;
			buildPhases = (
				130BFB9356A52759D38ACC1D /* [CP] Check Pods Manifest.lock */,
				7ED256651EA4E923007CB655 /* Sources */,
				7ED256661EA4E923007CB655 /* Frameworks */,
				7ED256671EA4E923007CB655 /* Resources */,
				F5E942985CA4EDE2EA6ED777 /* [CP] Embed Pods Frameworks */,
				3A31FB7ABB026081D4607E75 /* [CP] Copy Pods Resources */,
			);
			buildRules = (
			);
			dependencies = (
			);
			name = Dolores;
			productName = Dolores;
			productReference = 7ED256691EA4E923007CB655 /* Dolores.app */;
			productType = "com.apple.product-type.application";
		};
/* End PBXNativeTarget section */

/* Begin PBXProject section */
		7ED256611EA4E923007CB655 /* Project object */ = {
			isa = PBXProject;
			attributes = {
				LastUpgradeCheck = 0830;
				ORGANIZATIONNAME = Dolores;
				TargetAttributes = {
					7ED256681EA4E923007CB655 = {
						CreatedOnToolsVersion = 8.3.1;
						ProvisioningStyle = Automatic;
					};
				};
			};
			buildConfigurationList = 7ED256641EA4E923007CB655 /* Build configuration list for PBXProject "Dolores" */;
			compatibilityVersion = "Xcode 3.2";
			developmentRegion = English;
			hasScannedForEncodings = 0;
			knownRegions = (
				en,
				Base,
			);
			mainGroup = 7ED256601EA4E923007CB655;
			productRefGroup = 7ED2566A1EA4E923007CB655 /* Products */;
			projectDirPath = "";
			projectRoot = "";
			targets = (
				7ED256681EA4E923007CB655 /* Dolores */,
			);
		};
/* End PBXProject section */

/* Begin PBXResourcesBuildPhase section */
		7ED256671EA4E923007CB655 /* Resources */ = {
			isa = PBXResourcesBuildPhase;
			buildActionMask = 2147483647;
			files = (
				7ED2567C1EA4E923007CB655 /* LaunchScreen.storyboard in Resources */,
				7ED256791EA4E923007CB655 /* Assets.xcassets in Resources */,
				7ED256771EA4E923007CB655 /* Main.storyboard in Resources */,
			);
			runOnlyForDeploymentPostprocessing = 0;
		};
/* End PBXResourcesBuildPhase section */

/* Begin PBXShellScriptBuildPhase section */
		130BFB9356A52759D38ACC1D /* [CP] Check Pods Manifest.lock */ = {
			isa = PBXShellScriptBuildPhase;
			buildActionMask = 2147483647;
			files = (
			);
			inputPaths = (
			);
			name = "[CP] Check Pods Manifest.lock";
			outputPaths = (
			);
			runOnlyForDeploymentPostprocessing = 0;
			shellPath = /bin/sh;
			shellScript = "diff \"${PODS_ROOT}/../Podfile.lock\" \"${PODS_ROOT}/Manifest.lock\" > /dev/null\nif [ $? != 0 ] ; then\n    # print error to STDERR\n    echo \"error: The sandbox is not in sync with the Podfile.lock. Run 'pod install' or update your CocoaPods installation.\" >&2\n    exit 1\nfi\n";
			showEnvVarsInLog = 0;
		};
		3A31FB7ABB026081D4607E75 /* [CP] Copy Pods Resources */ = {
			isa = PBXShellScriptBuildPhase;
			buildActionMask = 2147483647;
			files = (
			);
			inputPaths = (
			);
			name = "[CP] Copy Pods Resources";
			outputPaths = (
			);
			runOnlyForDeploymentPostprocessing = 0;
			shellPath = /bin/sh;
			shellScript = "\"${SRCROOT}/Pods/Target Support Files/Pods-Dolores/Pods-Dolores-resources.sh\"\n";
			showEnvVarsInLog = 0;
		};
		F5E942985CA4EDE2EA6ED777 /* [CP] Embed Pods Frameworks */ = {
			isa = PBXShellScriptBuildPhase;
			buildActionMask = 2147483647;
			files = (
			);
			inputPaths = (
			);
			name = "[CP] Embed Pods Frameworks";
			outputPaths = (
			);
			runOnlyForDeploymentPostprocessing = 0;
			shellPath = /bin/sh;
			shellScript = "\"${SRCROOT}/Pods/Target Support Files/Pods-Dolores/Pods-Dolores-frameworks.sh\"\n";
			showEnvVarsInLog = 0;
		};
/* End PBXShellScriptBuildPhase section */

/* Begin PBXSourcesBuildPhase section */
		7ED256651EA4E923007CB655 /* Sources */ = {
			isa = PBXSourcesBuildPhase;
			buildActionMask = 2147483647;
			files = (
				7ED256741EA4E923007CB655 /* ViewController.m in Sources */,
				7ED256711EA4E923007CB655 /* AppDelegate.m in Sources */,
				7ED2566E1EA4E923007CB655 /* main.m in Sources */,
			);
			runOnlyForDeploymentPostprocessing = 0;
		};
/* End PBXSourcesBuildPhase section */

/* Begin PBXVariantGroup section */
		7ED256751EA4E923007CB655 /* Main.storyboard */ = {
			isa = PBXVariantGroup;
			children = (
				7ED256761EA4E923007CB655 /* Base */,
			);
			name = Main.storyboard;
			sourceTree = "<group>";
		};
		7ED2567A1EA4E923007CB655 /* LaunchScreen.storyboard */ = {
			isa = PBXVariantGroup;
			children = (
				7ED2567B1EA4E923007CB655 /* Base */,
			);
			name = LaunchScreen.storyboard;
			sourceTree = "<group>";
		};
/* End PBXVariantGroup section */

/* Begin XCBuildConfiguration section */
		7ED2567E1EA4E923007CB655 /* Debug */ = {
			isa = XCBuildConfiguration;
			buildSettings = {
				ALWAYS_SEARCH_USER_PATHS = NO;
				CLANG_ANALYZER_NONNULL = YES;
				CLANG_ANALYZER_NUMBER_OBJECT_CONVERSION = YES_AGGRESSIVE;
				CLANG_CXX_LANGUAGE_STANDARD = "gnu++0x";
				CLANG_CXX_LIBRARY = "libc++";
				CLANG_ENABLE_MODULES = YES;
				CLANG_ENABLE_OBJC_ARC = YES;
				CLANG_WARN_BOOL_CONVERSION = YES;
				CLANG_WARN_CONSTANT_CONVERSION = YES;
				CLANG_WARN_DIRECT_OBJC_ISA_USAGE = YES_ERROR;
				CLANG_WARN_DOCUMENTATION_COMMENTS = YES;
				CLANG_WARN_EMPTY_BODY = YES;
				CLANG_WARN_ENUM_CONVERSION = YES;
				CLANG_WARN_INFINITE_RECURSION = YES;
				CLANG_WARN_INT_CONVERSION = YES;
				CLANG_WARN_OBJC_ROOT_CLASS = YES_ERROR;
				CLANG_WARN_SUSPICIOUS_MOVE = YES;
				CLANG_WARN_UNREACHABLE_CODE = YES;
				CLANG_WARN__DUPLICATE_METHOD_MATCH = YES;
				"CODE_SIGN_IDENTITY[sdk=iphoneos*]" = "iPhone Developer";
				COPY_PHASE_STRIP = NO;
				DEBUG_INFORMATION_FORMAT = dwarf;
				ENABLE_STRICT_OBJC_MSGSEND = YES;
				ENABLE_TESTABILITY = YES;
				GCC_C_LANGUAGE_STANDARD = gnu99;
				GCC_DYNAMIC_NO_PIC = NO;
				GCC_NO_COMMON_BLOCKS = YES;
				GCC_OPTIMIZATION_LEVEL = 0;
				GCC_PREPROCESSOR_DEFINITIONS = (
					"DEBUG=1",
					"$(inherited)",
				);
				GCC_WARN_64_TO_32_BIT_CONVERSION = YES;
				GCC_WARN_ABOUT_RETURN_TYPE = YES_ERROR;
				GCC_WARN_UNDECLARED_SELECTOR = YES;
				GCC_WARN_UNINITIALIZED_AUTOS = YES_AGGRESSIVE;
				GCC_WARN_UNUSED_FUNCTION = YES;
				GCC_WARN_UNUSED_VARIABLE = YES;
				IPHONEOS_DEPLOYMENT_TARGET = 10.3;
				MTL_ENABLE_DEBUG_INFO = YES;
				ONLY_ACTIVE_ARCH = YES;
				SDKROOT = iphoneos;
			};
			name = Debug;
		};
		7ED2567F1EA4E923007CB655 /* Release */ = {
			isa = XCBuildConfiguration;
			buildSettings = {
				ALWAYS_SEARCH_USER_PATHS = NO;
				CLANG_ANALYZER_NONNULL = YES;
				CLANG_ANALYZER_NUMBER_OBJECT_CONVERSION = YES_AGGRESSIVE;
				CLANG_CXX_LANGUAGE_STANDARD = "gnu++0x";
				CLANG_CXX_LIBRARY = "libc++";
				CLANG_ENABLE_MODULES = YES;
				CLANG_ENABLE_OBJC_ARC = YES;
				CLANG_WARN_BOOL_CONVERSION = YES;
				CLANG_WARN_CONSTANT_CONVERSION = YES;
				CLANG_WARN_DIRECT_OBJC_ISA_USAGE = YES_ERROR;
				CLANG_WARN_DOCUMENTATION_COMMENTS = YES;
				CLANG_WARN_EMPTY_BODY = YES;
				CLANG_WARN_ENUM_CONVERSION = YES;
				CLANG_WARN_INFINITE_RECURSION = YES;
				CLANG_WARN_INT_CONVERSION = YES;
				CLANG_WARN_OBJC_ROOT_CLASS = YES_ERROR;
				CLANG_WARN_SUSPICIOUS_MOVE = YES;
				CLANG_WARN_UNREACHABLE_CODE = YES;
				CLANG_WARN__DUPLICATE_METHOD_MATCH = YES;
				"CODE_SIGN_IDENTITY[sdk=iphoneos*]" = "iPhone Developer";
				COPY_PHASE_STRIP = NO;
				DEBUG_INFORMATION_FORMAT = "dwarf-with-dsym";
				ENABLE_NS_ASSERTIONS = NO;
				ENABLE_STRICT_OBJC_MSGSEND = YES;
				GCC_C_LANGUAGE_STANDARD = gnu99;
				GCC_NO_COMMON_BLOCKS = YES;
				GCC_WARN_64_TO_32_BIT_CONVERSION = YES;
				GCC_WARN_ABOUT_RETURN_TYPE = YES_ERROR;
				GCC_WARN_UNDECLARED_SELECTOR = YES;
				GCC_WARN_UNINITIALIZED_AUTOS = YES_AGGRESSIVE;
				GCC_WARN_UNUSED_FUNCTION = YES;
				GCC_WARN_UNUSED_VARIABLE = YES;
				IPHONEOS_DEPLOYMENT_TARGET = 10.3;
				MTL_ENABLE_DEBUG_INFO = NO;
				SDKROOT = iphoneos;
				VALIDATE_PRODUCT = YES;
			};
			name = Release;
		};
		7ED256811EA4E923007CB655 /* Debug */ = {
			isa = XCBuildConfiguration;
			baseConfigurationReference = 68364FDFDA73B1383120CF88 /* Pods-Dolores.debug.xcconfig */;
			buildSettings = {
				ASSETCATALOG_COMPILER_APPICON_NAME = AppIcon;
				DEVELOPMENT_TEAM = "";
				INFOPLIST_FILE = Dolores/Info.plist;
				LD_RUNPATH_SEARCH_PATHS = "$(inherited) @executable_path/Frameworks";
				PRODUCT_BUNDLE_IDENTIFIER = com.dolores.Dolores;
				PRODUCT_NAME = "$(TARGET_NAME)";
			};
			name = Debug;
		};
		7ED256821EA4E923007CB655 /* Release */ = {
			isa = XCBuildConfiguration;
			baseConfigurationReference = 4B4F45CD6554AB06F89198FA /* Pods-Dolores.release.xcconfig */;
			buildSettings = {
				ASSETCATALOG_COMPILER_APPICON_NAME = AppIcon;
				DEVELOPMENT_TEAM = "";
				INFOPLIST_FILE = Dolores/Info.plist;
				LD_RUNPATH_SEARCH_PATHS = "$(inherited) @executable_path/Frameworks";
				PRODUCT_BUNDLE_IDENTIFIER = com.dolores.Dolores;
				PRODUCT_NAME = "$(TARGET_NAME)";
			};
			name = Release;
		};
/* End XCBuildConfiguration section */

/* Begin XCConfigurationList section */
		7ED256641EA4E923007CB655 /* Build configuration list for PBXProject "Dolores" */ = {
			isa = XCConfigurationList;
			buildConfigurations = (
				7ED2567E1EA4E923007CB655 /* Debug */,
				7ED2567F1EA4E923007CB655 /* Release */,
			);
			defaultConfigurationIsVisible = 0;
			defaultConfigurationName = Release;
		};
		7ED256801EA4E923007CB655 /* Build configuration list for PBXNativeTarget "Dolores" */ = {
			isa = XCConfigurationList;
			buildConfigurations = (
				7ED256811EA4E923007CB655 /* Debug */,
				7ED256821EA4E923007CB655 /* Release */,
			);
			defaultConfigurationIsVisible = 0;
			defaultConfigurationName = Release;
		};
/* End XCConfigurationList section */
	};
	rootObject = 7ED256611EA4E923007CB655 /* Project object */;
}
